{
  "name": "project-build",
  "version": "1.0.0",
  "lockfileVersion": 3,
  "requires": true,
  "packages": {
    "": {
      "name": "project-build",
      "version": "1.0.0",
      "license": "ISC",
      "workspaces": [
        "package*"
      ]
    },
    "node_modules/package1": {
      "resolved": "package1",
      "link": true
    },
    "node_modules/package2": {
      "resolved": "package2",
      "link": true
    },
    "package1": {
      "version": "1.0.0",
      "license": "ISC"
    },
    "package2": {
      "version": "1.0.0",
      "license": "ISC",
      "dependencies": {
        "package1": "file:../package1"
      }
    }
  }
}
